
Microsoft Visual Studio Solution File, Format Version 12.00
# Visual Studio Version 16
VisualStudioVersion = 16.0.30011.22
MinimumVisualStudioVersion = 10.0.40219.1
Project("{FAE04EC0-301F-11D3-BF4B-00C04F79EFBC}") = "ClubPadel", "ClubPadel\ClubPadel.csproj", "{86D426E5-EEFC-418D-92E0-261521350B43}"
EndProject
Global
	GlobalSection(SolutionConfigurationPlatforms) = preSolution
		Debug|Any CPU = Debug|Any CPU
		Release|Any CPU = Release|Any CPU
	EndGlobalSection
	GlobalSection(ProjectConfigurationPlatforms) = postSolution
		{86D426E5-EEFC-418D-92E0-261521350B43}.Debug|Any CPU.ActiveCfg = Debug|Any CPU
		{86D426E5-EEFC-418D-92E0-261521350B43}.Debug|Any CPU.Build.0 = Debug|Any CPU
		{86D426E5-EEFC-418D-92E0-261521350B43}.Release|Any CPU.ActiveCfg = Release|Any CPU
		{86D426E5-EEFC-418D-92E0-261521350B43}.Release|Any CPU.Build.0 = Release|Any CPU
	EndGlobalSection
	GlobalSection(SolutionProperties) = preSolution
		HideSolutionNode = FALSE
	EndGlobalSection
	GlobalSection(ExtensibilityGlobals) = postSolution
		SolutionGuid = {95D057B3-30A5-4CCD-9103-3E2C9153CF6E}
	EndGlobalSection
EndGlobal
